
Microsoft Visual Studio Solution File, Format Version 12.00
# Visual Studio 2010
Project("{2150E333-8FDC-42A3-9474-1A3956D46DE8}") = "Build", "Build", "{EB65E771-6C97-4D64-8E11-FD88AE48A41A}"
	ProjectSection(SolutionItems) = preProject
		..\build\build.bat = ..\build\build.bat
		..\build\build.proj = ..\build\build.proj
		..\build\build.tasks = ..\build\build.tasks
		..\CONTRIBUTORS.md = ..\CONTRIBUTORS.md
		..\build\copy.bat = ..\build\copy.bat
		..\README.md = ..\README.md
		..\NuGet\ServiceStack.Api.Swagger\servicestack.api.swagger.nuspec = ..\NuGet\ServiceStack.Api.Swagger\servicestack.api.swagger.nuspec
		..\NuGet\ServiceStack.Authentication.OAuth2\servicestack.authentication.oauth2.nuspec = ..\NuGet\ServiceStack.Authentication.OAuth2\servicestack.authentication.oauth2.nuspec
		..\NuGet\ServiceStack.Authentication.OpenId\servicestack.authentication.openid.nuspec = ..\NuGet\ServiceStack.Authentication.OpenId\servicestack.authentication.openid.nuspec
		..\NuGet\ServiceStack.Common\servicestack.common.nuspec = ..\NuGet\ServiceStack.Common\servicestack.common.nuspec
		..\NuGet\ServiceStack.Host.AspNet\servicestack.host.aspnet.nuspec = ..\NuGet\ServiceStack.Host.AspNet\servicestack.host.aspnet.nuspec
		..\NuGet\ServiceStack.Host.Mvc\servicestack.host.mvc.nuspec = ..\NuGet\ServiceStack.Host.Mvc\servicestack.host.mvc.nuspec
		..\NuGet\ServiceStack.Mvc\servicestack.mvc.nuspec = ..\NuGet\ServiceStack.Mvc\servicestack.mvc.nuspec
		..\NuGet\ServiceStack\servicestack.nuspec = ..\NuGet\ServiceStack\servicestack.nuspec
		..\NuGet\ServiceStack.Plugins.MsgPack\servicestack.plugins.msgpack.nuspec = ..\NuGet\ServiceStack.Plugins.MsgPack\servicestack.plugins.msgpack.nuspec
		..\NuGet\ServiceStack.Plugins.ProtoBuf\servicestack.plugins.protobuf.nuspec = ..\NuGet\ServiceStack.Plugins.ProtoBuf\servicestack.plugins.protobuf.nuspec
		..\NuGet\ServiceStack.Razor\servicestack.razor.nuspec = ..\NuGet\ServiceStack.Razor\servicestack.razor.nuspec
	EndProjectSection
EndProject
Project("{FAE04EC0-301F-11D3-BF4B-00C04F79EFBC}") = "ServiceStack", "ServiceStack\ServiceStack.csproj", "{680A1709-25EB-4D52-A87F-EE03FFD94BAA}"
EndProject
Project("{FAE04EC0-301F-11D3-BF4B-00C04F79EFBC}") = "ServiceStack.Common", "ServiceStack.Common\ServiceStack.Common.csproj", "{982416DB-C143-4028-A0C3-CF41892D18D3}"
EndProject
Project("{FAE04EC0-301F-11D3-BF4B-00C04F79EFBC}") = "ServiceStack.Interfaces", "ServiceStack.Interfaces\ServiceStack.Interfaces.csproj", "{42E1C8C0-A163-44CC-92B1-8F416F2C0B01}"
EndProject
Project("{FAE04EC0-301F-11D3-BF4B-00C04F79EFBC}") = "ServiceStack.ServiceInterface", "ServiceStack.ServiceInterface\ServiceStack.ServiceInterface.csproj", "{5A315F92-80D2-4C60-A5A4-22E027AC7E7E}"
EndProject
Project("{2150E333-8FDC-42A3-9474-1A3956D46DE8}") = "Solution Items", "Solution Items", "{E95F494D-14A3-4257-8BDB-FD5BABD32D4B}"
	ProjectSection(SolutionItems) = preProject
		..\..\Ryker.SS.snk = ..\..\Ryker.SS.snk
	EndProjectSection
EndProject
Project("{FAE04EC0-301F-11D3-BF4B-00C04F79EFBC}") = "ServiceStack.Text", "..\..\ServiceStack.Text\src\ServiceStack.Text\ServiceStack.Text.csproj", "{579B3FDB-CDAD-44E1-8417-885C38E49A0E}"
EndProject
Project("{FAE04EC0-301F-11D3-BF4B-00C04F79EFBC}") = "ServiceStack.OrmLite", "..\..\ServiceStack.OrmLite\src\ServiceStack.OrmLite\ServiceStack.OrmLite.csproj", "{96179AC6-F6F1-40C3-9FDD-4F6582F54C5C}"
EndProject
Project("{FAE04EC0-301F-11D3-BF4B-00C04F79EFBC}") = "ServiceStack.OrmLite.SqlServer", "..\..\ServiceStack.OrmLite\src\ServiceStack.OrmLite.SqlServer\ServiceStack.OrmLite.SqlServer.csproj", "{1887DC99-9139-43E3-A7AA-6D74714B3A5D}"
EndProject
Global
	GlobalSection(SolutionConfigurationPlatforms) = preSolution
		Debug|Any CPU = Debug|Any CPU
		Debug|Mixed Platforms = Debug|Mixed Platforms
		Debug|x86 = Debug|x86
		MonoDebug|Any CPU = MonoDebug|Any CPU
		MonoDebug|Mixed Platforms = MonoDebug|Mixed Platforms
		MonoDebug|x86 = MonoDebug|x86
		MonoRelease|Any CPU = MonoRelease|Any CPU
		MonoRelease|Mixed Platforms = MonoRelease|Mixed Platforms
		MonoRelease|x86 = MonoRelease|x86
		MonoTouch|Any CPU = MonoTouch|Any CPU
		MonoTouch|Mixed Platforms = MonoTouch|Mixed Platforms
		MonoTouch|x86 = MonoTouch|x86
		Release|Any CPU = Release|Any CPU
		Release|Mixed Platforms = Release|Mixed Platforms
		Release|x86 = Release|x86
		Signed|Any CPU = Signed|Any CPU
		Signed|Mixed Platforms = Signed|Mixed Platforms
		Signed|x86 = Signed|x86
		STATIC_ONLY NO_EXPRESSIONS|Any CPU = STATIC_ONLY NO_EXPRESSIONS|Any CPU
		STATIC_ONLY NO_EXPRESSIONS|Mixed Platforms = STATIC_ONLY NO_EXPRESSIONS|Mixed Platforms
		STATIC_ONLY NO_EXPRESSIONS|x86 = STATIC_ONLY NO_EXPRESSIONS|x86
	EndGlobalSection
	GlobalSection(ProjectConfigurationPlatforms) = postSolution
		{680A1709-25EB-4D52-A87F-EE03FFD94BAA}.Debug|Any CPU.ActiveCfg = Debug|Any CPU
		{680A1709-25EB-4D52-A87F-EE03FFD94BAA}.Debug|Any CPU.Build.0 = Debug|Any CPU
		{680A1709-25EB-4D52-A87F-EE03FFD94BAA}.Debug|Mixed Platforms.ActiveCfg = Debug|Any CPU
		{680A1709-25EB-4D52-A87F-EE03FFD94BAA}.Debug|Mixed Platforms.Build.0 = Debug|Any CPU
		{680A1709-25EB-4D52-A87F-EE03FFD94BAA}.Debug|x86.ActiveCfg = Debug|Any CPU
		{680A1709-25EB-4D52-A87F-EE03FFD94BAA}.Debug|x86.Build.0 = Debug|Any CPU
		{680A1709-25EB-4D52-A87F-EE03FFD94BAA}.MonoDebug|Any CPU.ActiveCfg = Debug|Any CPU
		{680A1709-25EB-4D52-A87F-EE03FFD94BAA}.MonoDebug|Any CPU.Build.0 = Debug|Any CPU
		{680A1709-25EB-4D52-A87F-EE03FFD94BAA}.MonoDebug|Mixed Platforms.ActiveCfg = Debug|Any CPU
		{680A1709-25EB-4D52-A87F-EE03FFD94BAA}.MonoDebug|Mixed Platforms.Build.0 = Debug|Any CPU
		{680A1709-25EB-4D52-A87F-EE03FFD94BAA}.MonoDebug|x86.ActiveCfg = Debug|Any CPU
		{680A1709-25EB-4D52-A87F-EE03FFD94BAA}.MonoDebug|x86.Build.0 = Debug|Any CPU
		{680A1709-25EB-4D52-A87F-EE03FFD94BAA}.MonoRelease|Any CPU.ActiveCfg = Debug|Any CPU
		{680A1709-25EB-4D52-A87F-EE03FFD94BAA}.MonoRelease|Any CPU.Build.0 = Debug|Any CPU
		{680A1709-25EB-4D52-A87F-EE03FFD94BAA}.MonoRelease|Mixed Platforms.ActiveCfg = Debug|Any CPU
		{680A1709-25EB-4D52-A87F-EE03FFD94BAA}.MonoRelease|Mixed Platforms.Build.0 = Debug|Any CPU
		{680A1709-25EB-4D52-A87F-EE03FFD94BAA}.MonoRelease|x86.ActiveCfg = Debug|Any CPU
		{680A1709-25EB-4D52-A87F-EE03FFD94BAA}.MonoRelease|x86.Build.0 = Debug|Any CPU
		{680A1709-25EB-4D52-A87F-EE03FFD94BAA}.MonoTouch|Any CPU.ActiveCfg = Debug|Any CPU
		{680A1709-25EB-4D52-A87F-EE03FFD94BAA}.MonoTouch|Any CPU.Build.0 = Debug|Any CPU
		{680A1709-25EB-4D52-A87F-EE03FFD94BAA}.MonoTouch|Mixed Platforms.ActiveCfg = Debug|Any CPU
		{680A1709-25EB-4D52-A87F-EE03FFD94BAA}.MonoTouch|Mixed Platforms.Build.0 = Debug|Any CPU
		{680A1709-25EB-4D52-A87F-EE03FFD94BAA}.MonoTouch|x86.ActiveCfg = Debug|Any CPU
		{680A1709-25EB-4D52-A87F-EE03FFD94BAA}.MonoTouch|x86.Build.0 = Debug|Any CPU
		{680A1709-25EB-4D52-A87F-EE03FFD94BAA}.Release|Any CPU.ActiveCfg = Release|Any CPU
		{680A1709-25EB-4D52-A87F-EE03FFD94BAA}.Release|Any CPU.Build.0 = Release|Any CPU
		{680A1709-25EB-4D52-A87F-EE03FFD94BAA}.Release|Mixed Platforms.ActiveCfg = Release|Any CPU
		{680A1709-25EB-4D52-A87F-EE03FFD94BAA}.Release|Mixed Platforms.Build.0 = Release|Any CPU
		{680A1709-25EB-4D52-A87F-EE03FFD94BAA}.Release|x86.ActiveCfg = Release|Any CPU
		{680A1709-25EB-4D52-A87F-EE03FFD94BAA}.Release|x86.Build.0 = Release|Any CPU
		{680A1709-25EB-4D52-A87F-EE03FFD94BAA}.Signed|Any CPU.ActiveCfg = MONOTOUCH|Any CPU
		{680A1709-25EB-4D52-A87F-EE03FFD94BAA}.Signed|Any CPU.Build.0 = MONOTOUCH|Any CPU
		{680A1709-25EB-4D52-A87F-EE03FFD94BAA}.Signed|Mixed Platforms.ActiveCfg = MONOTOUCH|Any CPU
		{680A1709-25EB-4D52-A87F-EE03FFD94BAA}.Signed|Mixed Platforms.Build.0 = MONOTOUCH|Any CPU
		{680A1709-25EB-4D52-A87F-EE03FFD94BAA}.Signed|x86.ActiveCfg = MONOTOUCH|Any CPU
		{680A1709-25EB-4D52-A87F-EE03FFD94BAA}.STATIC_ONLY NO_EXPRESSIONS|Any CPU.ActiveCfg = MONOTOUCH|Any CPU
		{680A1709-25EB-4D52-A87F-EE03FFD94BAA}.STATIC_ONLY NO_EXPRESSIONS|Any CPU.Build.0 = MONOTOUCH|Any CPU
		{680A1709-25EB-4D52-A87F-EE03FFD94BAA}.STATIC_ONLY NO_EXPRESSIONS|Mixed Platforms.ActiveCfg = MONOTOUCH|Any CPU
		{680A1709-25EB-4D52-A87F-EE03FFD94BAA}.STATIC_ONLY NO_EXPRESSIONS|Mixed Platforms.Build.0 = MONOTOUCH|Any CPU
		{680A1709-25EB-4D52-A87F-EE03FFD94BAA}.STATIC_ONLY NO_EXPRESSIONS|x86.ActiveCfg = MONOTOUCH|Any CPU
		{982416DB-C143-4028-A0C3-CF41892D18D3}.Debug|Any CPU.ActiveCfg = Debug|Any CPU
		{982416DB-C143-4028-A0C3-CF41892D18D3}.Debug|Any CPU.Build.0 = Debug|Any CPU
		{982416DB-C143-4028-A0C3-CF41892D18D3}.Debug|Mixed Platforms.ActiveCfg = Debug|Any CPU
		{982416DB-C143-4028-A0C3-CF41892D18D3}.Debug|Mixed Platforms.Build.0 = Debug|Any CPU
		{982416DB-C143-4028-A0C3-CF41892D18D3}.Debug|x86.ActiveCfg = Debug|Any CPU
		{982416DB-C143-4028-A0C3-CF41892D18D3}.Debug|x86.Build.0 = Debug|Any CPU
		{982416DB-C143-4028-A0C3-CF41892D18D3}.MonoDebug|Any CPU.ActiveCfg = Debug|Any CPU
		{982416DB-C143-4028-A0C3-CF41892D18D3}.MonoDebug|Any CPU.Build.0 = Debug|Any CPU
		{982416DB-C143-4028-A0C3-CF41892D18D3}.MonoDebug|Mixed Platforms.ActiveCfg = Debug|Any CPU
		{982416DB-C143-4028-A0C3-CF41892D18D3}.MonoDebug|Mixed Platforms.Build.0 = Debug|Any CPU
		{982416DB-C143-4028-A0C3-CF41892D18D3}.MonoDebug|x86.ActiveCfg = Debug|Any CPU
		{982416DB-C143-4028-A0C3-CF41892D18D3}.MonoDebug|x86.Build.0 = Debug|Any CPU
		{982416DB-C143-4028-A0C3-CF41892D18D3}.MonoRelease|Any CPU.ActiveCfg = Debug|Any CPU
		{982416DB-C143-4028-A0C3-CF41892D18D3}.MonoRelease|Any CPU.Build.0 = Debug|Any CPU
		{982416DB-C143-4028-A0C3-CF41892D18D3}.MonoRelease|Mixed Platforms.ActiveCfg = Debug|Any CPU
		{982416DB-C143-4028-A0C3-CF41892D18D3}.MonoRelease|Mixed Platforms.Build.0 = Debug|Any CPU
		{982416DB-C143-4028-A0C3-CF41892D18D3}.MonoRelease|x86.ActiveCfg = Debug|Any CPU
		{982416DB-C143-4028-A0C3-CF41892D18D3}.MonoRelease|x86.Build.0 = Debug|Any CPU
		{982416DB-C143-4028-A0C3-CF41892D18D3}.MonoTouch|Any CPU.ActiveCfg = MonoTouch|Any CPU
		{982416DB-C143-4028-A0C3-CF41892D18D3}.MonoTouch|Any CPU.Build.0 = MonoTouch|Any CPU
		{982416DB-C143-4028-A0C3-CF41892D18D3}.MonoTouch|Mixed Platforms.ActiveCfg = MonoTouch|Any CPU
		{982416DB-C143-4028-A0C3-CF41892D18D3}.MonoTouch|Mixed Platforms.Build.0 = MonoTouch|Any CPU
		{982416DB-C143-4028-A0C3-CF41892D18D3}.MonoTouch|x86.ActiveCfg = MonoTouch|Any CPU
		{982416DB-C143-4028-A0C3-CF41892D18D3}.MonoTouch|x86.Build.0 = MonoTouch|Any CPU
		{982416DB-C143-4028-A0C3-CF41892D18D3}.Release|Any CPU.ActiveCfg = Release|Any CPU
		{982416DB-C143-4028-A0C3-CF41892D18D3}.Release|Any CPU.Build.0 = Release|Any CPU
		{982416DB-C143-4028-A0C3-CF41892D18D3}.Release|Mixed Platforms.ActiveCfg = Release|Any CPU
		{982416DB-C143-4028-A0C3-CF41892D18D3}.Release|Mixed Platforms.Build.0 = Release|Any CPU
		{982416DB-C143-4028-A0C3-CF41892D18D3}.Release|x86.ActiveCfg = Release|Any CPU
		{982416DB-C143-4028-A0C3-CF41892D18D3}.Release|x86.Build.0 = Release|Any CPU
		{982416DB-C143-4028-A0C3-CF41892D18D3}.Signed|Any CPU.ActiveCfg = STATIC_ONLY NO_EXPRESSIONS|Any CPU
		{982416DB-C143-4028-A0C3-CF41892D18D3}.Signed|Any CPU.Build.0 = STATIC_ONLY NO_EXPRESSIONS|Any CPU
		{982416DB-C143-4028-A0C3-CF41892D18D3}.Signed|Mixed Platforms.ActiveCfg = STATIC_ONLY NO_EXPRESSIONS|Any CPU
		{982416DB-C143-4028-A0C3-CF41892D18D3}.Signed|Mixed Platforms.Build.0 = STATIC_ONLY NO_EXPRESSIONS|Any CPU
		{982416DB-C143-4028-A0C3-CF41892D18D3}.Signed|x86.ActiveCfg = STATIC_ONLY NO_EXPRESSIONS|Any CPU
		{982416DB-C143-4028-A0C3-CF41892D18D3}.STATIC_ONLY NO_EXPRESSIONS|Any CPU.ActiveCfg = STATIC_ONLY NO_EXPRESSIONS|Any CPU
		{982416DB-C143-4028-A0C3-CF41892D18D3}.STATIC_ONLY NO_EXPRESSIONS|Any CPU.Build.0 = STATIC_ONLY NO_EXPRESSIONS|Any CPU
		{982416DB-C143-4028-A0C3-CF41892D18D3}.STATIC_ONLY NO_EXPRESSIONS|Mixed Platforms.ActiveCfg = STATIC_ONLY NO_EXPRESSIONS|Any CPU
		{982416DB-C143-4028-A0C3-CF41892D18D3}.STATIC_ONLY NO_EXPRESSIONS|Mixed Platforms.Build.0 = STATIC_ONLY NO_EXPRESSIONS|Any CPU
		{982416DB-C143-4028-A0C3-CF41892D18D3}.STATIC_ONLY NO_EXPRESSIONS|x86.ActiveCfg = STATIC_ONLY NO_EXPRESSIONS|Any CPU
		{42E1C8C0-A163-44CC-92B1-8F416F2C0B01}.Debug|Any CPU.ActiveCfg = Debug|Any CPU
		{42E1C8C0-A163-44CC-92B1-8F416F2C0B01}.Debug|Any CPU.Build.0 = Debug|Any CPU
		{42E1C8C0-A163-44CC-92B1-8F416F2C0B01}.Debug|Mixed Platforms.ActiveCfg = Debug|Any CPU
		{42E1C8C0-A163-44CC-92B1-8F416F2C0B01}.Debug|Mixed Platforms.Build.0 = Debug|Any CPU
		{42E1C8C0-A163-44CC-92B1-8F416F2C0B01}.Debug|x86.ActiveCfg = Debug|Any CPU
		{42E1C8C0-A163-44CC-92B1-8F416F2C0B01}.MonoDebug|Any CPU.ActiveCfg = Debug|Any CPU
		{42E1C8C0-A163-44CC-92B1-8F416F2C0B01}.MonoDebug|Any CPU.Build.0 = Debug|Any CPU
		{42E1C8C0-A163-44CC-92B1-8F416F2C0B01}.MonoDebug|Mixed Platforms.ActiveCfg = Debug|Any CPU
		{42E1C8C0-A163-44CC-92B1-8F416F2C0B01}.MonoDebug|Mixed Platforms.Build.0 = Debug|Any CPU
		{42E1C8C0-A163-44CC-92B1-8F416F2C0B01}.MonoDebug|x86.ActiveCfg = Debug|Any CPU
		{42E1C8C0-A163-44CC-92B1-8F416F2C0B01}.MonoRelease|Any CPU.ActiveCfg = Release|Any CPU
		{42E1C8C0-A163-44CC-92B1-8F416F2C0B01}.MonoRelease|Any CPU.Build.0 = Release|Any CPU
		{42E1C8C0-A163-44CC-92B1-8F416F2C0B01}.MonoRelease|Mixed Platforms.ActiveCfg = Release|Any CPU
		{42E1C8C0-A163-44CC-92B1-8F416F2C0B01}.MonoRelease|Mixed Platforms.Build.0 = Release|Any CPU
		{42E1C8C0-A163-44CC-92B1-8F416F2C0B01}.MonoRelease|x86.ActiveCfg = Release|Any CPU
		{42E1C8C0-A163-44CC-92B1-8F416F2C0B01}.MonoTouch|Any CPU.ActiveCfg = MONOTOUCH|Any CPU
		{42E1C8C0-A163-44CC-92B1-8F416F2C0B01}.MonoTouch|Any CPU.Build.0 = MONOTOUCH|Any CPU
		{42E1C8C0-A163-44CC-92B1-8F416F2C0B01}.MonoTouch|Mixed Platforms.ActiveCfg = MONOTOUCH|Any CPU
		{42E1C8C0-A163-44CC-92B1-8F416F2C0B01}.MonoTouch|Mixed Platforms.Build.0 = MONOTOUCH|Any CPU
		{42E1C8C0-A163-44CC-92B1-8F416F2C0B01}.MonoTouch|x86.ActiveCfg = MONOTOUCH|Any CPU
		{42E1C8C0-A163-44CC-92B1-8F416F2C0B01}.Release|Any CPU.ActiveCfg = Release|Any CPU
		{42E1C8C0-A163-44CC-92B1-8F416F2C0B01}.Release|Any CPU.Build.0 = Release|Any CPU
		{42E1C8C0-A163-44CC-92B1-8F416F2C0B01}.Release|Mixed Platforms.ActiveCfg = Release|Any CPU
		{42E1C8C0-A163-44CC-92B1-8F416F2C0B01}.Release|Mixed Platforms.Build.0 = Release|Any CPU
		{42E1C8C0-A163-44CC-92B1-8F416F2C0B01}.Release|x86.ActiveCfg = Release|Any CPU
		{42E1C8C0-A163-44CC-92B1-8F416F2C0B01}.Signed|Any CPU.ActiveCfg = MONOTOUCH|Any CPU
		{42E1C8C0-A163-44CC-92B1-8F416F2C0B01}.Signed|Any CPU.Build.0 = MONOTOUCH|Any CPU
		{42E1C8C0-A163-44CC-92B1-8F416F2C0B01}.Signed|Mixed Platforms.ActiveCfg = MONOTOUCH|Any CPU
		{42E1C8C0-A163-44CC-92B1-8F416F2C0B01}.Signed|Mixed Platforms.Build.0 = MONOTOUCH|Any CPU
		{42E1C8C0-A163-44CC-92B1-8F416F2C0B01}.Signed|x86.ActiveCfg = MONOTOUCH|Any CPU
		{42E1C8C0-A163-44CC-92B1-8F416F2C0B01}.STATIC_ONLY NO_EXPRESSIONS|Any CPU.ActiveCfg = MONOTOUCH|Any CPU
		{42E1C8C0-A163-44CC-92B1-8F416F2C0B01}.STATIC_ONLY NO_EXPRESSIONS|Any CPU.Build.0 = MONOTOUCH|Any CPU
		{42E1C8C0-A163-44CC-92B1-8F416F2C0B01}.STATIC_ONLY NO_EXPRESSIONS|Mixed Platforms.ActiveCfg = MONOTOUCH|Any CPU
		{42E1C8C0-A163-44CC-92B1-8F416F2C0B01}.STATIC_ONLY NO_EXPRESSIONS|Mixed Platforms.Build.0 = MONOTOUCH|Any CPU
		{42E1C8C0-A163-44CC-92B1-8F416F2C0B01}.STATIC_ONLY NO_EXPRESSIONS|x86.ActiveCfg = MONOTOUCH|Any CPU
		{5A315F92-80D2-4C60-A5A4-22E027AC7E7E}.Debug|Any CPU.ActiveCfg = Debug|Any CPU
		{5A315F92-80D2-4C60-A5A4-22E027AC7E7E}.Debug|Any CPU.Build.0 = Debug|Any CPU
		{5A315F92-80D2-4C60-A5A4-22E027AC7E7E}.Debug|Mixed Platforms.ActiveCfg = Debug|Any CPU
		{5A315F92-80D2-4C60-A5A4-22E027AC7E7E}.Debug|Mixed Platforms.Build.0 = Debug|Any CPU
		{5A315F92-80D2-4C60-A5A4-22E027AC7E7E}.Debug|x86.ActiveCfg = Debug|Any CPU
		{5A315F92-80D2-4C60-A5A4-22E027AC7E7E}.MonoDebug|Any CPU.ActiveCfg = Debug|Any CPU
		{5A315F92-80D2-4C60-A5A4-22E027AC7E7E}.MonoDebug|Any CPU.Build.0 = Debug|Any CPU
		{5A315F92-80D2-4C60-A5A4-22E027AC7E7E}.MonoDebug|Mixed Platforms.ActiveCfg = Debug|Any CPU
		{5A315F92-80D2-4C60-A5A4-22E027AC7E7E}.MonoDebug|Mixed Platforms.Build.0 = Debug|Any CPU
		{5A315F92-80D2-4C60-A5A4-22E027AC7E7E}.MonoDebug|x86.ActiveCfg = Debug|Any CPU
		{5A315F92-80D2-4C60-A5A4-22E027AC7E7E}.MonoRelease|Any CPU.ActiveCfg = Release|Any CPU
		{5A315F92-80D2-4C60-A5A4-22E027AC7E7E}.MonoRelease|Any CPU.Build.0 = Release|Any CPU
		{5A315F92-80D2-4C60-A5A4-22E027AC7E7E}.MonoRelease|Mixed Platforms.ActiveCfg = Release|Any CPU
		{5A315F92-80D2-4C60-A5A4-22E027AC7E7E}.MonoRelease|Mixed Platforms.Build.0 = Release|Any CPU
		{5A315F92-80D2-4C60-A5A4-22E027AC7E7E}.MonoRelease|x86.ActiveCfg = Release|Any CPU
		{5A315F92-80D2-4C60-A5A4-22E027AC7E7E}.MonoTouch|Any CPU.ActiveCfg = MonoTouch|Any CPU
		{5A315F92-80D2-4C60-A5A4-22E027AC7E7E}.MonoTouch|Any CPU.Build.0 = MonoTouch|Any CPU
		{5A315F92-80D2-4C60-A5A4-22E027AC7E7E}.MonoTouch|Mixed Platforms.ActiveCfg = MonoTouch|Any CPU
		{5A315F92-80D2-4C60-A5A4-22E027AC7E7E}.MonoTouch|Mixed Platforms.Build.0 = MonoTouch|Any CPU
		{5A315F92-80D2-4C60-A5A4-22E027AC7E7E}.MonoTouch|x86.ActiveCfg = MonoTouch|Any CPU
		{5A315F92-80D2-4C60-A5A4-22E027AC7E7E}.Release|Any CPU.ActiveCfg = Release|Any CPU
		{5A315F92-80D2-4C60-A5A4-22E027AC7E7E}.Release|Any CPU.Build.0 = Release|Any CPU
		{5A315F92-80D2-4C60-A5A4-22E027AC7E7E}.Release|Mixed Platforms.ActiveCfg = Release|Any CPU
		{5A315F92-80D2-4C60-A5A4-22E027AC7E7E}.Release|Mixed Platforms.Build.0 = Release|Any CPU
		{5A315F92-80D2-4C60-A5A4-22E027AC7E7E}.Release|x86.ActiveCfg = Release|Any CPU
		{5A315F92-80D2-4C60-A5A4-22E027AC7E7E}.Signed|Any CPU.ActiveCfg = STATIC_ONLY NO_EXPRESSIONS|Any CPU
		{5A315F92-80D2-4C60-A5A4-22E027AC7E7E}.Signed|Any CPU.Build.0 = STATIC_ONLY NO_EXPRESSIONS|Any CPU
		{5A315F92-80D2-4C60-A5A4-22E027AC7E7E}.Signed|Mixed Platforms.ActiveCfg = STATIC_ONLY NO_EXPRESSIONS|Any CPU
		{5A315F92-80D2-4C60-A5A4-22E027AC7E7E}.Signed|Mixed Platforms.Build.0 = STATIC_ONLY NO_EXPRESSIONS|Any CPU
		{5A315F92-80D2-4C60-A5A4-22E027AC7E7E}.Signed|x86.ActiveCfg = STATIC_ONLY NO_EXPRESSIONS|Any CPU
		{5A315F92-80D2-4C60-A5A4-22E027AC7E7E}.STATIC_ONLY NO_EXPRESSIONS|Any CPU.ActiveCfg = STATIC_ONLY NO_EXPRESSIONS|Any CPU
		{5A315F92-80D2-4C60-A5A4-22E027AC7E7E}.STATIC_ONLY NO_EXPRESSIONS|Any CPU.Build.0 = STATIC_ONLY NO_EXPRESSIONS|Any CPU
		{5A315F92-80D2-4C60-A5A4-22E027AC7E7E}.STATIC_ONLY NO_EXPRESSIONS|Mixed Platforms.ActiveCfg = STATIC_ONLY NO_EXPRESSIONS|Any CPU
		{5A315F92-80D2-4C60-A5A4-22E027AC7E7E}.STATIC_ONLY NO_EXPRESSIONS|Mixed Platforms.Build.0 = STATIC_ONLY NO_EXPRESSIONS|Any CPU
		{5A315F92-80D2-4C60-A5A4-22E027AC7E7E}.STATIC_ONLY NO_EXPRESSIONS|x86.ActiveCfg = STATIC_ONLY NO_EXPRESSIONS|Any CPU
		{579B3FDB-CDAD-44E1-8417-885C38E49A0E}.Debug|Any CPU.ActiveCfg = Debug|Any CPU
		{579B3FDB-CDAD-44E1-8417-885C38E49A0E}.Debug|Any CPU.Build.0 = Debug|Any CPU
		{579B3FDB-CDAD-44E1-8417-885C38E49A0E}.Debug|Mixed Platforms.ActiveCfg = Debug|Any CPU
		{579B3FDB-CDAD-44E1-8417-885C38E49A0E}.Debug|Mixed Platforms.Build.0 = Debug|Any CPU
		{579B3FDB-CDAD-44E1-8417-885C38E49A0E}.Debug|x86.ActiveCfg = Debug|Any CPU
		{579B3FDB-CDAD-44E1-8417-885C38E49A0E}.MonoDebug|Any CPU.ActiveCfg = Debug|Any CPU
		{579B3FDB-CDAD-44E1-8417-885C38E49A0E}.MonoDebug|Any CPU.Build.0 = Debug|Any CPU
		{579B3FDB-CDAD-44E1-8417-885C38E49A0E}.MonoDebug|Mixed Platforms.ActiveCfg = Debug|Any CPU
		{579B3FDB-CDAD-44E1-8417-885C38E49A0E}.MonoDebug|Mixed Platforms.Build.0 = Debug|Any CPU
		{579B3FDB-CDAD-44E1-8417-885C38E49A0E}.MonoDebug|x86.ActiveCfg = Debug|Any CPU
		{579B3FDB-CDAD-44E1-8417-885C38E49A0E}.MonoRelease|Any CPU.ActiveCfg = Release|Any CPU
		{579B3FDB-CDAD-44E1-8417-885C38E49A0E}.MonoRelease|Any CPU.Build.0 = Release|Any CPU
		{579B3FDB-CDAD-44E1-8417-885C38E49A0E}.MonoRelease|Mixed Platforms.ActiveCfg = Release|Any CPU
		{579B3FDB-CDAD-44E1-8417-885C38E49A0E}.MonoRelease|Mixed Platforms.Build.0 = Release|Any CPU
		{579B3FDB-CDAD-44E1-8417-885C38E49A0E}.MonoRelease|x86.ActiveCfg = Release|Any CPU
		{579B3FDB-CDAD-44E1-8417-885C38E49A0E}.MonoTouch|Any CPU.ActiveCfg = MonoTouch|Any CPU
		{579B3FDB-CDAD-44E1-8417-885C38E49A0E}.MonoTouch|Any CPU.Build.0 = MonoTouch|Any CPU
		{579B3FDB-CDAD-44E1-8417-885C38E49A0E}.MonoTouch|Mixed Platforms.ActiveCfg = MonoTouch|Any CPU
		{579B3FDB-CDAD-44E1-8417-885C38E49A0E}.MonoTouch|Mixed Platforms.Build.0 = MonoTouch|Any CPU
		{579B3FDB-CDAD-44E1-8417-885C38E49A0E}.MonoTouch|x86.ActiveCfg = MonoTouch|Any CPU
		{579B3FDB-CDAD-44E1-8417-885C38E49A0E}.Release|Any CPU.ActiveCfg = Release|Any CPU
		{579B3FDB-CDAD-44E1-8417-885C38E49A0E}.Release|Any CPU.Build.0 = Release|Any CPU
		{579B3FDB-CDAD-44E1-8417-885C38E49A0E}.Release|Mixed Platforms.ActiveCfg = Release|Any CPU
		{579B3FDB-CDAD-44E1-8417-885C38E49A0E}.Release|Mixed Platforms.Build.0 = Release|Any CPU
		{579B3FDB-CDAD-44E1-8417-885C38E49A0E}.Release|x86.ActiveCfg = Release|Any CPU
		{579B3FDB-CDAD-44E1-8417-885C38E49A0E}.Signed|Any CPU.ActiveCfg = MonoTouch|Any CPU
		{579B3FDB-CDAD-44E1-8417-885C38E49A0E}.Signed|Any CPU.Build.0 = MonoTouch|Any CPU
		{579B3FDB-CDAD-44E1-8417-885C38E49A0E}.Signed|Mixed Platforms.ActiveCfg = MonoTouch|Any CPU
		{579B3FDB-CDAD-44E1-8417-885C38E49A0E}.Signed|Mixed Platforms.Build.0 = MonoTouch|Any CPU
		{579B3FDB-CDAD-44E1-8417-885C38E49A0E}.Signed|x86.ActiveCfg = MonoTouch|Any CPU
		{579B3FDB-CDAD-44E1-8417-885C38E49A0E}.STATIC_ONLY NO_EXPRESSIONS|Any CPU.ActiveCfg = MonoTouch|Any CPU
		{579B3FDB-CDAD-44E1-8417-885C38E49A0E}.STATIC_ONLY NO_EXPRESSIONS|Any CPU.Build.0 = MonoTouch|Any CPU
		{579B3FDB-CDAD-44E1-8417-885C38E49A0E}.STATIC_ONLY NO_EXPRESSIONS|Mixed Platforms.ActiveCfg = MonoTouch|Any CPU
		{579B3FDB-CDAD-44E1-8417-885C38E49A0E}.STATIC_ONLY NO_EXPRESSIONS|Mixed Platforms.Build.0 = MonoTouch|Any CPU
		{579B3FDB-CDAD-44E1-8417-885C38E49A0E}.STATIC_ONLY NO_EXPRESSIONS|x86.ActiveCfg = MonoTouch|Any CPU
		{96179AC6-F6F1-40C3-9FDD-4F6582F54C5C}.Debug|Any CPU.ActiveCfg = Debug|Any CPU
		{96179AC6-F6F1-40C3-9FDD-4F6582F54C5C}.Debug|Any CPU.Build.0 = Debug|Any CPU
		{96179AC6-F6F1-40C3-9FDD-4F6582F54C5C}.Debug|Mixed Platforms.ActiveCfg = Debug|Any CPU
		{96179AC6-F6F1-40C3-9FDD-4F6582F54C5C}.Debug|Mixed Platforms.Build.0 = Debug|Any CPU
		{96179AC6-F6F1-40C3-9FDD-4F6582F54C5C}.Debug|x86.ActiveCfg = Debug|Any CPU
		{96179AC6-F6F1-40C3-9FDD-4F6582F54C5C}.MonoDebug|Any CPU.ActiveCfg = Debug|Any CPU
		{96179AC6-F6F1-40C3-9FDD-4F6582F54C5C}.MonoDebug|Any CPU.Build.0 = Debug|Any CPU
		{96179AC6-F6F1-40C3-9FDD-4F6582F54C5C}.MonoDebug|Mixed Platforms.ActiveCfg = Debug|Any CPU
		{96179AC6-F6F1-40C3-9FDD-4F6582F54C5C}.MonoDebug|Mixed Platforms.Build.0 = Debug|Any CPU
		{96179AC6-F6F1-40C3-9FDD-4F6582F54C5C}.MonoDebug|x86.ActiveCfg = Debug|Any CPU
		{96179AC6-F6F1-40C3-9FDD-4F6582F54C5C}.MonoRelease|Any CPU.ActiveCfg = Release|Any CPU
		{96179AC6-F6F1-40C3-9FDD-4F6582F54C5C}.MonoRelease|Any CPU.Build.0 = Release|Any CPU
		{96179AC6-F6F1-40C3-9FDD-4F6582F54C5C}.MonoRelease|Mixed Platforms.ActiveCfg = Release|Any CPU
		{96179AC6-F6F1-40C3-9FDD-4F6582F54C5C}.MonoRelease|Mixed Platforms.Build.0 = Release|Any CPU
		{96179AC6-F6F1-40C3-9FDD-4F6582F54C5C}.MonoRelease|x86.ActiveCfg = Release|Any CPU
		{96179AC6-F6F1-40C3-9FDD-4F6582F54C5C}.MonoTouch|Any CPU.ActiveCfg = MonoTouch|Any CPU
		{96179AC6-F6F1-40C3-9FDD-4F6582F54C5C}.MonoTouch|Any CPU.Build.0 = MonoTouch|Any CPU
		{96179AC6-F6F1-40C3-9FDD-4F6582F54C5C}.MonoTouch|Mixed Platforms.ActiveCfg = MonoTouch|Any CPU
		{96179AC6-F6F1-40C3-9FDD-4F6582F54C5C}.MonoTouch|Mixed Platforms.Build.0 = MonoTouch|Any CPU
		{96179AC6-F6F1-40C3-9FDD-4F6582F54C5C}.MonoTouch|x86.ActiveCfg = MonoTouch|Any CPU
		{96179AC6-F6F1-40C3-9FDD-4F6582F54C5C}.Release|Any CPU.ActiveCfg = Release|Any CPU
		{96179AC6-F6F1-40C3-9FDD-4F6582F54C5C}.Release|Any CPU.Build.0 = Release|Any CPU
		{96179AC6-F6F1-40C3-9FDD-4F6582F54C5C}.Release|Mixed Platforms.ActiveCfg = Release|Any CPU
		{96179AC6-F6F1-40C3-9FDD-4F6582F54C5C}.Release|Mixed Platforms.Build.0 = Release|Any CPU
		{96179AC6-F6F1-40C3-9FDD-4F6582F54C5C}.Release|x86.ActiveCfg = Release|Any CPU
		{96179AC6-F6F1-40C3-9FDD-4F6582F54C5C}.Signed|Any CPU.ActiveCfg = STATIC_ONLY NO_EXPRESSIONS|Any CPU
		{96179AC6-F6F1-40C3-9FDD-4F6582F54C5C}.Signed|Any CPU.Build.0 = STATIC_ONLY NO_EXPRESSIONS|Any CPU
		{96179AC6-F6F1-40C3-9FDD-4F6582F54C5C}.Signed|Mixed Platforms.ActiveCfg = STATIC_ONLY NO_EXPRESSIONS|Any CPU
		{96179AC6-F6F1-40C3-9FDD-4F6582F54C5C}.Signed|Mixed Platforms.Build.0 = STATIC_ONLY NO_EXPRESSIONS|Any CPU
		{96179AC6-F6F1-40C3-9FDD-4F6582F54C5C}.Signed|x86.ActiveCfg = STATIC_ONLY NO_EXPRESSIONS|Any CPU
		{96179AC6-F6F1-40C3-9FDD-4F6582F54C5C}.STATIC_ONLY NO_EXPRESSIONS|Any CPU.ActiveCfg = STATIC_ONLY NO_EXPRESSIONS|Any CPU
		{96179AC6-F6F1-40C3-9FDD-4F6582F54C5C}.STATIC_ONLY NO_EXPRESSIONS|Any CPU.Build.0 = STATIC_ONLY NO_EXPRESSIONS|Any CPU
		{96179AC6-F6F1-40C3-9FDD-4F6582F54C5C}.STATIC_ONLY NO_EXPRESSIONS|Mixed Platforms.ActiveCfg = STATIC_ONLY NO_EXPRESSIONS|Any CPU
		{96179AC6-F6F1-40C3-9FDD-4F6582F54C5C}.STATIC_ONLY NO_EXPRESSIONS|Mixed Platforms.Build.0 = STATIC_ONLY NO_EXPRESSIONS|Any CPU
		{96179AC6-F6F1-40C3-9FDD-4F6582F54C5C}.STATIC_ONLY NO_EXPRESSIONS|x86.ActiveCfg = STATIC_ONLY NO_EXPRESSIONS|Any CPU
		{1887DC99-9139-43E3-A7AA-6D74714B3A5D}.Debug|Any CPU.ActiveCfg = Debug|Any CPU
		{1887DC99-9139-43E3-A7AA-6D74714B3A5D}.Debug|Any CPU.Build.0 = Debug|Any CPU
		{1887DC99-9139-43E3-A7AA-6D74714B3A5D}.Debug|Mixed Platforms.ActiveCfg = Debug|Any CPU
		{1887DC99-9139-43E3-A7AA-6D74714B3A5D}.Debug|Mixed Platforms.Build.0 = Debug|Any CPU
		{1887DC99-9139-43E3-A7AA-6D74714B3A5D}.Debug|x86.ActiveCfg = Debug|Any CPU
		{1887DC99-9139-43E3-A7AA-6D74714B3A5D}.MonoDebug|Any CPU.ActiveCfg = Debug|Any CPU
		{1887DC99-9139-43E3-A7AA-6D74714B3A5D}.MonoDebug|Any CPU.Build.0 = Debug|Any CPU
		{1887DC99-9139-43E3-A7AA-6D74714B3A5D}.MonoDebug|Mixed Platforms.ActiveCfg = Debug|Any CPU
		{1887DC99-9139-43E3-A7AA-6D74714B3A5D}.MonoDebug|Mixed Platforms.Build.0 = Debug|Any CPU
		{1887DC99-9139-43E3-A7AA-6D74714B3A5D}.MonoDebug|x86.ActiveCfg = Debug|Any CPU
		{1887DC99-9139-43E3-A7AA-6D74714B3A5D}.MonoRelease|Any CPU.ActiveCfg = Release|Any CPU
		{1887DC99-9139-43E3-A7AA-6D74714B3A5D}.MonoRelease|Any CPU.Build.0 = Release|Any CPU
		{1887DC99-9139-43E3-A7AA-6D74714B3A5D}.MonoRelease|Mixed Platforms.ActiveCfg = Release|Any CPU
		{1887DC99-9139-43E3-A7AA-6D74714B3A5D}.MonoRelease|Mixed Platforms.Build.0 = Release|Any CPU
		{1887DC99-9139-43E3-A7AA-6D74714B3A5D}.MonoRelease|x86.ActiveCfg = Release|Any CPU
		{1887DC99-9139-43E3-A7AA-6D74714B3A5D}.MonoTouch|Any CPU.ActiveCfg = Release|Any CPU
		{1887DC99-9139-43E3-A7AA-6D74714B3A5D}.MonoTouch|Any CPU.Build.0 = Release|Any CPU
		{1887DC99-9139-43E3-A7AA-6D74714B3A5D}.MonoTouch|Mixed Platforms.ActiveCfg = Release|Any CPU
		{1887DC99-9139-43E3-A7AA-6D74714B3A5D}.MonoTouch|Mixed Platforms.Build.0 = Release|Any CPU
		{1887DC99-9139-43E3-A7AA-6D74714B3A5D}.MonoTouch|x86.ActiveCfg = Release|Any CPU
		{1887DC99-9139-43E3-A7AA-6D74714B3A5D}.Release|Any CPU.ActiveCfg = Release|Any CPU
		{1887DC99-9139-43E3-A7AA-6D74714B3A5D}.Release|Any CPU.Build.0 = Release|Any CPU
		{1887DC99-9139-43E3-A7AA-6D74714B3A5D}.Release|Mixed Platforms.ActiveCfg = Release|Any CPU
		{1887DC99-9139-43E3-A7AA-6D74714B3A5D}.Release|Mixed Platforms.Build.0 = Release|Any CPU
		{1887DC99-9139-43E3-A7AA-6D74714B3A5D}.Release|x86.ActiveCfg = Release|Any CPU
		{1887DC99-9139-43E3-A7AA-6D74714B3A5D}.Signed|Any CPU.ActiveCfg = Release|Any CPU
		{1887DC99-9139-43E3-A7AA-6D74714B3A5D}.Signed|Any CPU.Build.0 = Release|Any CPU
		{1887DC99-9139-43E3-A7AA-6D74714B3A5D}.Signed|Mixed Platforms.ActiveCfg = Release|Any CPU
		{1887DC99-9139-43E3-A7AA-6D74714B3A5D}.Signed|Mixed Platforms.Build.0 = Release|Any CPU
		{1887DC99-9139-43E3-A7AA-6D74714B3A5D}.Signed|x86.ActiveCfg = Release|Any CPU
		{1887DC99-9139-43E3-A7AA-6D74714B3A5D}.STATIC_ONLY NO_EXPRESSIONS|Any CPU.ActiveCfg = Release|Any CPU
		{1887DC99-9139-43E3-A7AA-6D74714B3A5D}.STATIC_ONLY NO_EXPRESSIONS|Any CPU.Build.0 = Release|Any CPU
		{1887DC99-9139-43E3-A7AA-6D74714B3A5D}.STATIC_ONLY NO_EXPRESSIONS|Mixed Platforms.ActiveCfg = Release|Any CPU
		{1887DC99-9139-43E3-A7AA-6D74714B3A5D}.STATIC_ONLY NO_EXPRESSIONS|Mixed Platforms.Build.0 = Release|Any CPU
		{1887DC99-9139-43E3-A7AA-6D74714B3A5D}.STATIC_ONLY NO_EXPRESSIONS|x86.ActiveCfg = Release|Any CPU
	EndGlobalSection
	GlobalSection(SolutionProperties) = preSolution
		HideSolutionNode = FALSE
	EndGlobalSection
	GlobalSection(MonoDevelopProperties) = preSolution
		StartupItem = ..\tests\RazorRockstars.Console\RazorRockstars.Console.csproj
		Policies = $0
		$0.DotNetNamingPolicy = $1
		$1.DirectoryNamespaceAssociation = None
		$1.ResourceNamePolicy = FileFormatDefault
		$0.StandardHeader = $2
		$2.Text = 
		$2.IncludeInNewFiles = True
		$0.VersionControlPolicy = $3
		$3.inheritsSet = Mono
		$0.ChangeLogPolicy = $4
		$4.UpdateMode = None
		$4.MessageStyle = $5
		$5.LineAlign = 0
		$4.inheritsSet = Mono
	EndGlobalSection
EndGlobal
